<Solution>
  <Folder Name="/EstoreAdmin/">
    <Project Path="EstoreAdmin/EStoreAdminModule/EStoreAdminModule.csproj" />
    <Project Path="EstoreAdmin/EStoreAdminService/EStoreAdminService.csproj" Id="fd56602d-fa7a-4adc-8f7e-9dd6240e08ee" />
    <Project Path="EstoreAdmin/EstoreModel/EstoreModel.csproj" />
  </Folder>
</Solution>
